
Microsoft Visual Studio Solution File, Format Version 12.00
# Visual Studio Version 17
VisualStudioVersion = 17.1.32104.313
MinimumVisualStudioVersion = 10.0.40219.1
Project("{8BC9CEB8-8B4A-11D0-8D11-00A0C91BC942}") = "CLOG", "CLOG\CLOG.vcxproj", "{CF2C778F-17C3-4755-8447-226538BA1A39}"
EndProject
Global
	GlobalSection(SolutionConfigurationPlatforms) = preSolution
		Debug|x64 = Debug|x64
		Debug|x86 = Debug|x86
		Release|x64 = Release|x64
		Release|x86 = Release|x86
	EndGlobalSection
	GlobalSection(ProjectConfigurationPlatforms) = postSolution
		{CF2C778F-17C3-4755-8447-226538BA1A39}.Debug|x64.ActiveCfg = Debug|x64
		{CF2C778F-17C3-4755-8447-226538BA1A39}.Debug|x64.Build.0 = Debug|x64
		{CF2C778F-17C3-4755-8447-226538BA1A39}.Debug|x86.ActiveCfg = Debug|Win32
		{CF2C778F-17C3-4755-8447-226538BA1A39}.Debug|x86.Build.0 = Debug|Win32
		{CF2C778F-17C3-4755-8447-226538BA1A39}.Release|x64.ActiveCfg = Release|x64
		{CF2C778F-17C3-4755-8447-226538BA1A39}.Release|x64.Build.0 = Release|x64
		{CF2C778F-17C3-4755-8447-226538BA1A39}.Release|x86.ActiveCfg = Release|Win32
		{CF2C778F-17C3-4755-8447-226538BA1A39}.Release|x86.Build.0 = Release|Win32
	EndGlobalSection
	GlobalSection(SolutionProperties) = preSolution
		HideSolutionNode = FALSE
	EndGlobalSection
	GlobalSection(ExtensibilityGlobals) = postSolution
		SolutionGuid = {C689AE98-ADA1-4069-AC11-66BB91C90A2E}
	EndGlobalSection
EndGlobal
